{
  "name": "react-example",
  "version": "0.0.0",
  "lockfileVersion": 3,
  "requires": true,
  "packages": {
    "": {
      "name": "react-example",
      "version": "0.0.0",
      "dependencies": {
        "@google/genai": "^1.29.0",
        "@tailwindcss/vite": "^4.1.14",
        "@vitejs/plugin-react": "^5.0.4",
        "clsx": "^2.1.1",
        "dotenv": "^17.2.3",
        "express": "^4.21.2",
        "lucide-react": "^0.546.0",
        "motion": "^12.23.24",
        "react": "^19.0.0",
        "react-dom": "^19.0.0",
        "recharts": "^3.8.1",
        "tailwind-merge": "^3.5.0",
        "vite": "^6.2.0",
        "xlsx": "^0.18.5"
      },
      "devDependencies": {
        "@types/express": "^4.17.21",
        "@types/node": "^22.14.0",
        "autoprefixer": "^10.4.21",
        "tailwindcss": "^4.1.14",
        "tsx": "^4.21.0",
        "typescript": "~5.8.2",
        "vite": "^6.2.0"
      }
    },
    "node_modules/@ampproject/remapping": {
      "version": "2.3.0",
      "resolved": "https://registry.npmjs.org/@ampproject/remapping/-/remapping-2.3.0.tgz",
      "integrity": "sha512-30iZtAPgzf4WGqKf9JcYd3r0J4A5lBy5J3x8QX6Y2t8mZ9mM6yj9+R4xU6UQ0Zk8M4k3zQ5x6+4Qx9H3uD8dA==",
      "license": "Apache-2.0",
      "dependencies": {
        "@jridgewell/gen-mapping": "^0.3.5",
        "@jridgewell/trace-mapping": "^0.3.24"
      },
      "engines": {
        "node": ">=6.0.0"
      }
    }
  }
}
